
Microsoft Visual Studio Solution File, Format Version 12.00
# Visual Studio Version 17
VisualStudioVersion = 17.4.33213.308
MinimumVisualStudioVersion = 10.0.40219.1
Project("{9A19103F-16F7-4668-BE54-9A1E7A4F7556}") = "CLEAN_ARCH.DOMAIN", "CLEAN_ARCH.DOMAIN\CLEAN_ARCH.DOMAIN.csproj", "{75AB9E66-4C07-4EE6-8028-F638A1C74F07}"
EndProject
Project("{9A19103F-16F7-4668-BE54-9A1E7A4F7556}") = "CLEAN_ARCH.APPLICATION", "CLEAN_ARCH.APPLICATION\CLEAN_ARCH.APPLICATION.csproj", "{215DB30C-582F-444E-8FF2-9B97A3F7A047}"
EndProject
Project("{9A19103F-16F7-4668-BE54-9A1E7A4F7556}") = "CLEAN_ARCH.INFRA.DATA", "CLEAN_ARCH.INFRA.DATA\CLEAN_ARCH.INFRA.DATA.csproj", "{5EA42B3C-319B-45CF-B588-1AD3BC916002}"
EndProject
Project("{9A19103F-16F7-4668-BE54-9A1E7A4F7556}") = "CLEAN_ARCH.INFRA.IOC", "CLEAN_ARCH.INFRA.IOC\CLEAN_ARCH.INFRA.IOC.csproj", "{87BAC37E-FD37-4AF1-9D1F-10876C45DCE6}"
EndProject
Project("{9A19103F-16F7-4668-BE54-9A1E7A4F7556}") = "CLEAN_ARCH.WEBUI", "CLEAN_ARCH.WEBUI\CLEAN_ARCH.WEBUI.csproj", "{4B9F282F-25FC-4DB3-B623-483F2E0219B1}"
EndProject
Project("{FAE04EC0-301F-11D3-BF4B-00C04F79EFBC}") = "CLEAN_ARCH.DOMAIN.TESTS", "CLEAN_ARCH.DOMAIN.TESTS\CLEAN_ARCH.DOMAIN.TESTS.csproj", "{9B4A3E43-E0C1-4E36-81A4-3970F5C8B518}"
EndProject
Global
	GlobalSection(SolutionConfigurationPlatforms) = preSolution
		Debug|Any CPU = Debug|Any CPU
		Release|Any CPU = Release|Any CPU
	EndGlobalSection
	GlobalSection(ProjectConfigurationPlatforms) = postSolution
		{75AB9E66-4C07-4EE6-8028-F638A1C74F07}.Debug|Any CPU.ActiveCfg = Debug|Any CPU
		{75AB9E66-4C07-4EE6-8028-F638A1C74F07}.Debug|Any CPU.Build.0 = Debug|Any CPU
		{75AB9E66-4C07-4EE6-8028-F638A1C74F07}.Release|Any CPU.ActiveCfg = Release|Any CPU
		{75AB9E66-4C07-4EE6-8028-F638A1C74F07}.Release|Any CPU.Build.0 = Release|Any CPU
		{215DB30C-582F-444E-8FF2-9B97A3F7A047}.Debug|Any CPU.ActiveCfg = Debug|Any CPU
		{215DB30C-582F-444E-8FF2-9B97A3F7A047}.Debug|Any CPU.Build.0 = Debug|Any CPU
		{215DB30C-582F-444E-8FF2-9B97A3F7A047}.Release|Any CPU.ActiveCfg = Release|Any CPU
		{215DB30C-582F-444E-8FF2-9B97A3F7A047}.Release|Any CPU.Build.0 = Release|Any CPU
		{5EA42B3C-319B-45CF-B588-1AD3BC916002}.Debug|Any CPU.ActiveCfg = Debug|Any CPU
		{5EA42B3C-319B-45CF-B588-1AD3BC916002}.Debug|Any CPU.Build.0 = Debug|Any CPU
		{5EA42B3C-319B-45CF-B588-1AD3BC916002}.Release|Any CPU.ActiveCfg = Release|Any CPU
		{5EA42B3C-319B-45CF-B588-1AD3BC916002}.Release|Any CPU.Build.0 = Release|Any CPU
		{87BAC37E-FD37-4AF1-9D1F-10876C45DCE6}.Debug|Any CPU.ActiveCfg = Debug|Any CPU
		{87BAC37E-FD37-4AF1-9D1F-10876C45DCE6}.Debug|Any CPU.Build.0 = Debug|Any CPU
		{87BAC37E-FD37-4AF1-9D1F-10876C45DCE6}.Release|Any CPU.ActiveCfg = Release|Any CPU
		{87BAC37E-FD37-4AF1-9D1F-10876C45DCE6}.Release|Any CPU.Build.0 = Release|Any CPU
		{4B9F282F-25FC-4DB3-B623-483F2E0219B1}.Debug|Any CPU.ActiveCfg = Debug|Any CPU
		{4B9F282F-25FC-4DB3-B623-483F2E0219B1}.Debug|Any CPU.Build.0 = Debug|Any CPU
		{4B9F282F-25FC-4DB3-B623-483F2E0219B1}.Release|Any CPU.ActiveCfg = Release|Any CPU
		{4B9F282F-25FC-4DB3-B623-483F2E0219B1}.Release|Any CPU.Build.0 = Release|Any CPU
		{9B4A3E43-E0C1-4E36-81A4-3970F5C8B518}.Debug|Any CPU.ActiveCfg = Debug|Any CPU
		{9B4A3E43-E0C1-4E36-81A4-3970F5C8B518}.Debug|Any CPU.Build.0 = Debug|Any CPU
		{9B4A3E43-E0C1-4E36-81A4-3970F5C8B518}.Release|Any CPU.ActiveCfg = Release|Any CPU
		{9B4A3E43-E0C1-4E36-81A4-3970F5C8B518}.Release|Any CPU.Build.0 = Release|Any CPU
	EndGlobalSection
	GlobalSection(SolutionProperties) = preSolution
		HideSolutionNode = FALSE
	EndGlobalSection
	GlobalSection(ExtensibilityGlobals) = postSolution
		SolutionGuid = {7AF7F6E1-76B9-4884-85AB-12C9D69A42EA}
	EndGlobalSection
EndGlobal
